
Microsoft Visual Studio Solution File, Format Version 12.00
# Visual Studio 15
VisualStudioVersion = 15.0.28307.168
MinimumVisualStudioVersion = 10.0.40219.1
Project("{FAE04EC0-301F-11D3-BF4B-00C04F79EFBC}") = "library", "library\library.csproj", "{734DB9EA-24E6-4B24-8361-BBD273C150DD}"
EndProject
Global
	GlobalSection(SolutionConfigurationPlatforms) = preSolution
		Debug|Any CPU = Debug|Any CPU
		Release|Any CPU = Release|Any CPU
	EndGlobalSection
	GlobalSection(ProjectConfigurationPlatforms) = postSolution
		{734DB9EA-24E6-4B24-8361-BBD273C150DD}.Debug|Any CPU.ActiveCfg = Debug|Any CPU
		{734DB9EA-24E6-4B24-8361-BBD273C150DD}.Debug|Any CPU.Build.0 = Debug|Any CPU
		{734DB9EA-24E6-4B24-8361-BBD273C150DD}.Release|Any CPU.ActiveCfg = Release|Any CPU
		{734DB9EA-24E6-4B24-8361-BBD273C150DD}.Release|Any CPU.Build.0 = Release|Any CPU
	EndGlobalSection
	GlobalSection(SolutionProperties) = preSolution
		HideSolutionNode = FALSE
	EndGlobalSection
	GlobalSection(ExtensibilityGlobals) = postSolution
		SolutionGuid = {8E3C5A07-7F97-462C-8312-72F2718BCEF7}
	EndGlobalSection
EndGlobal
